
Microsoft Visual Studio Solution File, Format Version 12.00
# Visual Studio Version 16
VisualStudioVersion = 16.0.31205.134
MinimumVisualStudioVersion = 10.0.40219.1
Project("{6EC3EE1D-3C4E-46DD-8F32-0CC8E7565705}") = "ConsoleApp25", "ConsoleApp25\ConsoleApp25.fsproj", "{27DD6424-DD81-46F6-BF62-9340B05A4743}"
EndProject
Project("{6EC3EE1D-3C4E-46DD-8F32-0CC8E7565705}") = "1.1", "1.1\1.1.fsproj", "{398E27F9-2CB8-4785-9E4E-F76B0F691CA2}"
EndProject
Project("{6EC3EE1D-3C4E-46DD-8F32-0CC8E7565705}") = "5.2", "5.2\5.2.fsproj", "{9C273700-DB29-4432-83F8-3DC60D5D8BD8}"
EndProject
Project("{6EC3EE1D-3C4E-46DD-8F32-0CC8E7565705}") = "5.4", "5.4\5.4.fsproj", "{2CBFA1E9-3D30-4F12-8926-BE133363E175}"
EndProject
Project("{6EC3EE1D-3C4E-46DD-8F32-0CC8E7565705}") = "5.5", "5.5\5.5.fsproj", "{5404DC3F-CD2D-4A2A-BAB9-F3DA037C6AAD}"
EndProject
Project("{6EC3EE1D-3C4E-46DD-8F32-0CC8E7565705}") = "5.6", "5.6\5.6.fsproj", "{E95D967B-D143-4D8C-8704-86407689060F}"
EndProject
Project("{6EC3EE1D-3C4E-46DD-8F32-0CC8E7565705}") = "5.7", "5.7\5.7.fsproj", "{15EFD2C1-6E2D-4304-9C18-ADB91D5637B7}"
EndProject
Project("{6EC3EE1D-3C4E-46DD-8F32-0CC8E7565705}") = "5.8", "5.8\5.8.fsproj", "{7F3CFB7A-16DE-4869-8F55-38630FB00EE1}"
EndProject
Project("{6EC3EE1D-3C4E-46DD-8F32-0CC8E7565705}") = "5.9", "5.9\5.9.fsproj", "{C2B59CE5-6A74-4561-8E2E-2012BC013293}"
EndProject
Project("{6EC3EE1D-3C4E-46DD-8F32-0CC8E7565705}") = "5.10", "5.10\5.10.fsproj", "{5BDAD83E-4802-42EA-9D13-2D91363D1918}"
EndProject
Project("{6EC3EE1D-3C4E-46DD-8F32-0CC8E7565705}") = "5.11", "5.11\5.11.fsproj", "{6D90A353-09E1-4AB2-9329-A02139AF4B3E}"
EndProject
Project("{6EC3EE1D-3C4E-46DD-8F32-0CC8E7565705}") = "5.12", "5.12\5.12.fsproj", "{93C08F80-6260-49E3-8594-38BEE33BAFAB}"
EndProject
Project("{6EC3EE1D-3C4E-46DD-8F32-0CC8E7565705}") = "5.13", "5.13\5.13.fsproj", "{7ED7EE35-9796-4FC9-8AE9-59EC963326BA}"
EndProject
Project("{6EC3EE1D-3C4E-46DD-8F32-0CC8E7565705}") = "5.14", "5.14\5.14.fsproj", "{F57B6510-EC8E-405C-9187-49495184124C}"
EndProject
Project("{6EC3EE1D-3C4E-46DD-8F32-0CC8E7565705}") = "5.15", "5.15\5.15.fsproj", "{28396E52-D2AB-43BE-A2CD-D177FD236AFD}"
EndProject
Project("{6EC3EE1D-3C4E-46DD-8F32-0CC8E7565705}") = "5.16", "5.16\5.16.fsproj", "{BC7EDABD-37FC-41AE-BA42-89CDB5E62C21}"
EndProject
Project("{6EC3EE1D-3C4E-46DD-8F32-0CC8E7565705}") = "5.17", "5.17\5.17.fsproj", "{487738A9-4E22-4875-A3C5-A4C20883116B}"
EndProject
Project("{6EC3EE1D-3C4E-46DD-8F32-0CC8E7565705}") = "5.18.1", "5.18.1\5.18.1.fsproj", "{D93B99D4-57DC-4CB5-A4FC-4B25614CDFC1}"
EndProject
Project("{6EC3EE1D-3C4E-46DD-8F32-0CC8E7565705}") = "5.19", "5.19\5.19.fsproj", "{494D84FC-0D4D-401F-8420-0E82B7CF70D5}"
EndProject
Project("{6EC3EE1D-3C4E-46DD-8F32-0CC8E7565705}") = "5.20", "5.20\5.20.fsproj", "{679D5AC7-1B96-4E9A-9039-061C06057EF8}"
EndProject
Project("{6EC3EE1D-3C4E-46DD-8F32-0CC8E7565705}") = "6.11", "6.11\6.11.fsproj", "{AD102C11-C186-4C28-B3A1-C99265059CA0}"
EndProject
Project("{6EC3EE1D-3C4E-46DD-8F32-0CC8E7565705}") = "6.2.11", "6.2.11\6.2.11.fsproj", "{223AF310-F176-4A73-8117-9E2C5E84755B}"
EndProject
Project("{6EC3EE1D-3C4E-46DD-8F32-0CC8E7565705}") = "6.12.13", "6.12.13\6.12.13.fsproj", "{EE320430-A227-40D8-BF2B-95421FE8556A}"
EndProject
Project("{6EC3EE1D-3C4E-46DD-8F32-0CC8E7565705}") = "6.12.15", "6.12.15\6.12.15.fsproj", "{3386F0D0-574D-4D1F-A89C-D13BAD0AFA62}"
EndProject
Project("{6EC3EE1D-3C4E-46DD-8F32-0CC8E7565705}") = "6.12.30", "6.12.30\6.12.30.fsproj", "{5767AC56-787E-4F90-99B3-8DA82E51A746}"
EndProject
Project("{6EC3EE1D-3C4E-46DD-8F32-0CC8E7565705}") = "6.12.39", "6.12.39\6.12.39.fsproj", "{E938C17E-D019-41A7-8DC3-EE314FD335D7}"
EndProject
Project("{6EC3EE1D-3C4E-46DD-8F32-0CC8E7565705}") = "6.12.3", "6.12.3\6.12.3.fsproj", "{7859A3CF-FECA-4809-BF36-B92C17EA2F7A}"
EndProject
Project("{6EC3EE1D-3C4E-46DD-8F32-0CC8E7565705}") = "6.12.45", "6.12.45\6.12.45.fsproj", "{F10C6F7A-1CB1-4FE4-AA84-CE8B5379CA7E}"
EndProject
Project("{6EC3EE1D-3C4E-46DD-8F32-0CC8E7565705}") = "6.12.51", "6.12.51\6.12.51.fsproj", "{DF07F5FE-0019-490C-B529-87C7AFB6A846}"
EndProject
Project("{6EC3EE1D-3C4E-46DD-8F32-0CC8E7565705}") = "6.12.27", "6.12.27\6.12.27.fsproj", "{C188500D-369D-4943-A8B3-1F728EE77964}"
EndProject
Project("{2150E333-8FDC-42A3-9474-1A3956D46DE8}") = "Лаба5", "Лаба5", "{741CD69E-2ABC-4F22-A7FF-790BDDD0A9FA}"
EndProject
Project("{2150E333-8FDC-42A3-9474-1A3956D46DE8}") = "Лаба6", "Лаба6", "{B20627C8-44E3-49A3-9F68-099DD18DC7DC}"
EndProject
Project("{2150E333-8FDC-42A3-9474-1A3956D46DE8}") = "Лаба7", "Лаба7", "{F1679FAC-4DE7-4873-A8F5-61E8A6D3CDCA}"
EndProject
Project("{6EC3EE1D-3C4E-46DD-8F32-0CC8E7565705}") = "7.3", "7.3\7.3.fsproj", "{4C483A90-08FF-432F-8EC9-65B259421A13}"
EndProject
Project("{6EC3EE1D-3C4E-46DD-8F32-0CC8E7565705}") = "7.13", "7.13\7.13.fsproj", "{392BD615-7DB1-4CF9-A2F2-CD4D76D010C7}"
EndProject
Project("{6EC3EE1D-3C4E-46DD-8F32-0CC8E7565705}") = "7.23", "7.23\7.23.fsproj", "{F7045EFC-9D83-43EF-83D5-8079ECA4DE72}"
EndProject
Project("{6EC3EE1D-3C4E-46DD-8F32-0CC8E7565705}") = "7.33", "7.33\7.33.fsproj", "{C212EC59-AD4B-481C-B65A-A44FF78C5F24}"
EndProject
Project("{F2A71F9B-5D33-465A-A702-920D77279786}") = "7.43", "7.43\7.43.fsproj", "{43164B97-1D64-4560-B48F-78821CF2DD80}"
EndProject
Global
	GlobalSection(SolutionConfigurationPlatforms) = preSolution
		Debug|Any CPU = Debug|Any CPU
		Release|Any CPU = Release|Any CPU
	EndGlobalSection
	GlobalSection(ProjectConfigurationPlatforms) = postSolution
		{27DD6424-DD81-46F6-BF62-9340B05A4743}.Debug|Any CPU.ActiveCfg = Debug|Any CPU
		{27DD6424-DD81-46F6-BF62-9340B05A4743}.Debug|Any CPU.Build.0 = Debug|Any CPU
		{27DD6424-DD81-46F6-BF62-9340B05A4743}.Release|Any CPU.ActiveCfg = Release|Any CPU
		{27DD6424-DD81-46F6-BF62-9340B05A4743}.Release|Any CPU.Build.0 = Release|Any CPU
		{398E27F9-2CB8-4785-9E4E-F76B0F691CA2}.Debug|Any CPU.ActiveCfg = Debug|Any CPU
		{398E27F9-2CB8-4785-9E4E-F76B0F691CA2}.Debug|Any CPU.Build.0 = Debug|Any CPU
		{398E27F9-2CB8-4785-9E4E-F76B0F691CA2}.Release|Any CPU.ActiveCfg = Release|Any CPU
		{398E27F9-2CB8-4785-9E4E-F76B0F691CA2}.Release|Any CPU.Build.0 = Release|Any CPU
		{9C273700-DB29-4432-83F8-3DC60D5D8BD8}.Debug|Any CPU.ActiveCfg = Debug|Any CPU
		{9C273700-DB29-4432-83F8-3DC60D5D8BD8}.Debug|Any CPU.Build.0 = Debug|Any CPU
		{9C273700-DB29-4432-83F8-3DC60D5D8BD8}.Release|Any CPU.ActiveCfg = Release|Any CPU
		{9C273700-DB29-4432-83F8-3DC60D5D8BD8}.Release|Any CPU.Build.0 = Release|Any CPU
		{2CBFA1E9-3D30-4F12-8926-BE133363E175}.Debug|Any CPU.ActiveCfg = Debug|Any CPU
		{2CBFA1E9-3D30-4F12-8926-BE133363E175}.Debug|Any CPU.Build.0 = Debug|Any CPU
		{2CBFA1E9-3D30-4F12-8926-BE133363E175}.Release|Any CPU.ActiveCfg = Release|Any CPU
		{2CBFA1E9-3D30-4F12-8926-BE133363E175}.Release|Any CPU.Build.0 = Release|Any CPU
		{5404DC3F-CD2D-4A2A-BAB9-F3DA037C6AAD}.Debug|Any CPU.ActiveCfg = Debug|Any CPU
		{5404DC3F-CD2D-4A2A-BAB9-F3DA037C6AAD}.Debug|Any CPU.Build.0 = Debug|Any CPU
		{5404DC3F-CD2D-4A2A-BAB9-F3DA037C6AAD}.Release|Any CPU.ActiveCfg = Release|Any CPU
		{5404DC3F-CD2D-4A2A-BAB9-F3DA037C6AAD}.Release|Any CPU.Build.0 = Release|Any CPU
		{E95D967B-D143-4D8C-8704-86407689060F}.Debug|Any CPU.ActiveCfg = Debug|Any CPU
		{E95D967B-D143-4D8C-8704-86407689060F}.Debug|Any CPU.Build.0 = Debug|Any CPU
		{E95D967B-D143-4D8C-8704-86407689060F}.Release|Any CPU.ActiveCfg = Release|Any CPU
		{E95D967B-D143-4D8C-8704-86407689060F}.Release|Any CPU.Build.0 = Release|Any CPU
		{15EFD2C1-6E2D-4304-9C18-ADB91D5637B7}.Debug|Any CPU.ActiveCfg = Debug|Any CPU
		{15EFD2C1-6E2D-4304-9C18-ADB91D5637B7}.Debug|Any CPU.Build.0 = Debug|Any CPU
		{15EFD2C1-6E2D-4304-9C18-ADB91D5637B7}.Release|Any CPU.ActiveCfg = Release|Any CPU
		{15EFD2C1-6E2D-4304-9C18-ADB91D5637B7}.Release|Any CPU.Build.0 = Release|Any CPU
		{7F3CFB7A-16DE-4869-8F55-38630FB00EE1}.Debug|Any CPU.ActiveCfg = Debug|Any CPU
		{7F3CFB7A-16DE-4869-8F55-38630FB00EE1}.Debug|Any CPU.Build.0 = Debug|Any CPU
		{7F3CFB7A-16DE-4869-8F55-38630FB00EE1}.Release|Any CPU.ActiveCfg = Release|Any CPU
		{7F3CFB7A-16DE-4869-8F55-38630FB00EE1}.Release|Any CPU.Build.0 = Release|Any CPU
		{C2B59CE5-6A74-4561-8E2E-2012BC013293}.Debug|Any CPU.ActiveCfg = Debug|Any CPU
		{C2B59CE5-6A74-4561-8E2E-2012BC013293}.Debug|Any CPU.Build.0 = Debug|Any CPU
		{C2B59CE5-6A74-4561-8E2E-2012BC013293}.Release|Any CPU.ActiveCfg = Release|Any CPU
		{C2B59CE5-6A74-4561-8E2E-2012BC013293}.Release|Any CPU.Build.0 = Release|Any CPU
		{5BDAD83E-4802-42EA-9D13-2D91363D1918}.Debug|Any CPU.ActiveCfg = Debug|Any CPU
		{5BDAD83E-4802-42EA-9D13-2D91363D1918}.Debug|Any CPU.Build.0 = Debug|Any CPU
		{5BDAD83E-4802-42EA-9D13-2D91363D1918}.Release|Any CPU.ActiveCfg = Release|Any CPU
		{5BDAD83E-4802-42EA-9D13-2D91363D1918}.Release|Any CPU.Build.0 = Release|Any CPU
		{6D90A353-09E1-4AB2-9329-A02139AF4B3E}.Debug|Any CPU.ActiveCfg = Debug|Any CPU
		{6D90A353-09E1-4AB2-9329-A02139AF4B3E}.Debug|Any CPU.Build.0 = Debug|Any CPU
		{6D90A353-09E1-4AB2-9329-A02139AF4B3E}.Release|Any CPU.ActiveCfg = Release|Any CPU
		{6D90A353-09E1-4AB2-9329-A02139AF4B3E}.Release|Any CPU.Build.0 = Release|Any CPU
		{93C08F80-6260-49E3-8594-38BEE33BAFAB}.Debug|Any CPU.ActiveCfg = Debug|Any CPU
		{93C08F80-6260-49E3-8594-38BEE33BAFAB}.Debug|Any CPU.Build.0 = Debug|Any CPU
		{93C08F80-6260-49E3-8594-38BEE33BAFAB}.Release|Any CPU.ActiveCfg = Release|Any CPU
		{93C08F80-6260-49E3-8594-38BEE33BAFAB}.Release|Any CPU.Build.0 = Release|Any CPU
		{7ED7EE35-9796-4FC9-8AE9-59EC963326BA}.Debug|Any CPU.ActiveCfg = Debug|Any CPU
		{7ED7EE35-9796-4FC9-8AE9-59EC963326BA}.Debug|Any CPU.Build.0 = Debug|Any CPU
		{7ED7EE35-9796-4FC9-8AE9-59EC963326BA}.Release|Any CPU.ActiveCfg = Release|Any CPU
		{7ED7EE35-9796-4FC9-8AE9-59EC963326BA}.Release|Any CPU.Build.0 = Release|Any CPU
		{F57B6510-EC8E-405C-9187-49495184124C}.Debug|Any CPU.ActiveCfg = Debug|Any CPU
		{F57B6510-EC8E-405C-9187-49495184124C}.Debug|Any CPU.Build.0 = Debug|Any CPU
		{F57B6510-EC8E-405C-9187-49495184124C}.Release|Any CPU.ActiveCfg = Release|Any CPU
		{F57B6510-EC8E-405C-9187-49495184124C}.Release|Any CPU.Build.0 = Release|Any CPU
		{28396E52-D2AB-43BE-A2CD-D177FD236AFD}.Debug|Any CPU.ActiveCfg = Debug|Any CPU
		{28396E52-D2AB-43BE-A2CD-D177FD236AFD}.Debug|Any CPU.Build.0 = Debug|Any CPU
		{28396E52-D2AB-43BE-A2CD-D177FD236AFD}.Release|Any CPU.ActiveCfg = Release|Any CPU
		{28396E52-D2AB-43BE-A2CD-D177FD236AFD}.Release|Any CPU.Build.0 = Release|Any CPU
		{BC7EDABD-37FC-41AE-BA42-89CDB5E62C21}.Debug|Any CPU.ActiveCfg = Debug|Any CPU
		{BC7EDABD-37FC-41AE-BA42-89CDB5E62C21}.Debug|Any CPU.Build.0 = Debug|Any CPU
		{BC7EDABD-37FC-41AE-BA42-89CDB5E62C21}.Release|Any CPU.ActiveCfg = Release|Any CPU
		{BC7EDABD-37FC-41AE-BA42-89CDB5E62C21}.Release|Any CPU.Build.0 = Release|Any CPU
		{487738A9-4E22-4875-A3C5-A4C20883116B}.Debug|Any CPU.ActiveCfg = Debug|Any CPU
		{487738A9-4E22-4875-A3C5-A4C20883116B}.Debug|Any CPU.Build.0 = Debug|Any CPU
		{487738A9-4E22-4875-A3C5-A4C20883116B}.Release|Any CPU.ActiveCfg = Release|Any CPU
		{487738A9-4E22-4875-A3C5-A4C20883116B}.Release|Any CPU.Build.0 = Release|Any CPU
		{D93B99D4-57DC-4CB5-A4FC-4B25614CDFC1}.Debug|Any CPU.ActiveCfg = Debug|Any CPU
		{D93B99D4-57DC-4CB5-A4FC-4B25614CDFC1}.Debug|Any CPU.Build.0 = Debug|Any CPU
		{D93B99D4-57DC-4CB5-A4FC-4B25614CDFC1}.Release|Any CPU.ActiveCfg = Release|Any CPU
		{D93B99D4-57DC-4CB5-A4FC-4B25614CDFC1}.Release|Any CPU.Build.0 = Release|Any CPU
		{494D84FC-0D4D-401F-8420-0E82B7CF70D5}.Debug|Any CPU.ActiveCfg = Debug|Any CPU
		{494D84FC-0D4D-401F-8420-0E82B7CF70D5}.Debug|Any CPU.Build.0 = Debug|Any CPU
		{494D84FC-0D4D-401F-8420-0E82B7CF70D5}.Release|Any CPU.ActiveCfg = Release|Any CPU
		{494D84FC-0D4D-401F-8420-0E82B7CF70D5}.Release|Any CPU.Build.0 = Release|Any CPU
		{679D5AC7-1B96-4E9A-9039-061C06057EF8}.Debug|Any CPU.ActiveCfg = Debug|Any CPU
		{679D5AC7-1B96-4E9A-9039-061C06057EF8}.Debug|Any CPU.Build.0 = Debug|Any CPU
		{679D5AC7-1B96-4E9A-9039-061C06057EF8}.Release|Any CPU.ActiveCfg = Release|Any CPU
		{679D5AC7-1B96-4E9A-9039-061C06057EF8}.Release|Any CPU.Build.0 = Release|Any CPU
		{AD102C11-C186-4C28-B3A1-C99265059CA0}.Debug|Any CPU.ActiveCfg = Debug|Any CPU
		{AD102C11-C186-4C28-B3A1-C99265059CA0}.Debug|Any CPU.Build.0 = Debug|Any CPU
		{AD102C11-C186-4C28-B3A1-C99265059CA0}.Release|Any CPU.ActiveCfg = Release|Any CPU
		{AD102C11-C186-4C28-B3A1-C99265059CA0}.Release|Any CPU.Build.0 = Release|Any CPU
		{223AF310-F176-4A73-8117-9E2C5E84755B}.Debug|Any CPU.ActiveCfg = Debug|Any CPU
		{223AF310-F176-4A73-8117-9E2C5E84755B}.Debug|Any CPU.Build.0 = Debug|Any CPU
		{223AF310-F176-4A73-8117-9E2C5E84755B}.Release|Any CPU.ActiveCfg = Release|Any CPU
		{223AF310-F176-4A73-8117-9E2C5E84755B}.Release|Any CPU.Build.0 = Release|Any CPU
		{EE320430-A227-40D8-BF2B-95421FE8556A}.Debug|Any CPU.ActiveCfg = Debug|Any CPU
		{EE320430-A227-40D8-BF2B-95421FE8556A}.Debug|Any CPU.Build.0 = Debug|Any CPU
		{EE320430-A227-40D8-BF2B-95421FE8556A}.Release|Any CPU.ActiveCfg = Release|Any CPU
		{EE320430-A227-40D8-BF2B-95421FE8556A}.Release|Any CPU.Build.0 = Release|Any CPU
		{3386F0D0-574D-4D1F-A89C-D13BAD0AFA62}.Debug|Any CPU.ActiveCfg = Debug|Any CPU
		{3386F0D0-574D-4D1F-A89C-D13BAD0AFA62}.Debug|Any CPU.Build.0 = Debug|Any CPU
		{3386F0D0-574D-4D1F-A89C-D13BAD0AFA62}.Release|Any CPU.ActiveCfg = Release|Any CPU
		{3386F0D0-574D-4D1F-A89C-D13BAD0AFA62}.Release|Any CPU.Build.0 = Release|Any CPU
		{5767AC56-787E-4F90-99B3-8DA82E51A746}.Debug|Any CPU.ActiveCfg = Debug|Any CPU
		{5767AC56-787E-4F90-99B3-8DA82E51A746}.Debug|Any CPU.Build.0 = Debug|Any CPU
		{5767AC56-787E-4F90-99B3-8DA82E51A746}.Release|Any CPU.ActiveCfg = Release|Any CPU
		{5767AC56-787E-4F90-99B3-8DA82E51A746}.Release|Any CPU.Build.0 = Release|Any CPU
		{E938C17E-D019-41A7-8DC3-EE314FD335D7}.Debug|Any CPU.ActiveCfg = Debug|Any CPU
		{E938C17E-D019-41A7-8DC3-EE314FD335D7}.Debug|Any CPU.Build.0 = Debug|Any CPU
		{E938C17E-D019-41A7-8DC3-EE314FD335D7}.Release|Any CPU.ActiveCfg = Release|Any CPU
		{E938C17E-D019-41A7-8DC3-EE314FD335D7}.Release|Any CPU.Build.0 = Release|Any CPU
		{7859A3CF-FECA-4809-BF36-B92C17EA2F7A}.Debug|Any CPU.ActiveCfg = Debug|Any CPU
		{7859A3CF-FECA-4809-BF36-B92C17EA2F7A}.Debug|Any CPU.Build.0 = Debug|Any CPU
		{7859A3CF-FECA-4809-BF36-B92C17EA2F7A}.Release|Any CPU.ActiveCfg = Release|Any CPU
		{7859A3CF-FECA-4809-BF36-B92C17EA2F7A}.Release|Any CPU.Build.0 = Release|Any CPU
		{F10C6F7A-1CB1-4FE4-AA84-CE8B5379CA7E}.Debug|Any CPU.ActiveCfg = Debug|Any CPU
		{F10C6F7A-1CB1-4FE4-AA84-CE8B5379CA7E}.Debug|Any CPU.Build.0 = Debug|Any CPU
		{F10C6F7A-1CB1-4FE4-AA84-CE8B5379CA7E}.Release|Any CPU.ActiveCfg = Release|Any CPU
		{F10C6F7A-1CB1-4FE4-AA84-CE8B5379CA7E}.Release|Any CPU.Build.0 = Release|Any CPU
		{DF07F5FE-0019-490C-B529-87C7AFB6A846}.Debug|Any CPU.ActiveCfg = Debug|Any CPU
		{DF07F5FE-0019-490C-B529-87C7AFB6A846}.Debug|Any CPU.Build.0 = Debug|Any CPU
		{DF07F5FE-0019-490C-B529-87C7AFB6A846}.Release|Any CPU.ActiveCfg = Release|Any CPU
		{DF07F5FE-0019-490C-B529-87C7AFB6A846}.Release|Any CPU.Build.0 = Release|Any CPU
		{C188500D-369D-4943-A8B3-1F728EE77964}.Debug|Any CPU.ActiveCfg = Debug|Any CPU
		{C188500D-369D-4943-A8B3-1F728EE77964}.Debug|Any CPU.Build.0 = Debug|Any CPU
		{C188500D-369D-4943-A8B3-1F728EE77964}.Release|Any CPU.ActiveCfg = Release|Any CPU
		{C188500D-369D-4943-A8B3-1F728EE77964}.Release|Any CPU.Build.0 = Release|Any CPU
		{4C483A90-08FF-432F-8EC9-65B259421A13}.Debug|Any CPU.ActiveCfg = Debug|Any CPU
		{4C483A90-08FF-432F-8EC9-65B259421A13}.Debug|Any CPU.Build.0 = Debug|Any CPU
		{4C483A90-08FF-432F-8EC9-65B259421A13}.Release|Any CPU.ActiveCfg = Release|Any CPU
		{4C483A90-08FF-432F-8EC9-65B259421A13}.Release|Any CPU.Build.0 = Release|Any CPU
		{392BD615-7DB1-4CF9-A2F2-CD4D76D010C7}.Debug|Any CPU.ActiveCfg = Debug|Any CPU
		{392BD615-7DB1-4CF9-A2F2-CD4D76D010C7}.Debug|Any CPU.Build.0 = Debug|Any CPU
		{392BD615-7DB1-4CF9-A2F2-CD4D76D010C7}.Release|Any CPU.ActiveCfg = Release|Any CPU
		{392BD615-7DB1-4CF9-A2F2-CD4D76D010C7}.Release|Any CPU.Build.0 = Release|Any CPU
		{F7045EFC-9D83-43EF-83D5-8079ECA4DE72}.Debug|Any CPU.ActiveCfg = Debug|Any CPU
		{F7045EFC-9D83-43EF-83D5-8079ECA4DE72}.Debug|Any CPU.Build.0 = Debug|Any CPU
		{F7045EFC-9D83-43EF-83D5-8079ECA4DE72}.Release|Any CPU.ActiveCfg = Release|Any CPU
		{F7045EFC-9D83-43EF-83D5-8079ECA4DE72}.Release|Any CPU.Build.0 = Release|Any CPU
		{C212EC59-AD4B-481C-B65A-A44FF78C5F24}.Debug|Any CPU.ActiveCfg = Debug|Any CPU
		{C212EC59-AD4B-481C-B65A-A44FF78C5F24}.Debug|Any CPU.Build.0 = Debug|Any CPU
		{C212EC59-AD4B-481C-B65A-A44FF78C5F24}.Release|Any CPU.ActiveCfg = Release|Any CPU
		{C212EC59-AD4B-481C-B65A-A44FF78C5F24}.Release|Any CPU.Build.0 = Release|Any CPU
		{43164B97-1D64-4560-B48F-78821CF2DD80}.Debug|Any CPU.ActiveCfg = Debug|Any CPU
		{43164B97-1D64-4560-B48F-78821CF2DD80}.Debug|Any CPU.Build.0 = Debug|Any CPU
		{43164B97-1D64-4560-B48F-78821CF2DD80}.Release|Any CPU.ActiveCfg = Release|Any CPU
		{43164B97-1D64-4560-B48F-78821CF2DD80}.Release|Any CPU.Build.0 = Release|Any CPU
	EndGlobalSection
	GlobalSection(SolutionProperties) = preSolution
		HideSolutionNode = FALSE
	EndGlobalSection
	GlobalSection(NestedProjects) = preSolution
		{398E27F9-2CB8-4785-9E4E-F76B0F691CA2} = {741CD69E-2ABC-4F22-A7FF-790BDDD0A9FA}
		{9C273700-DB29-4432-83F8-3DC60D5D8BD8} = {741CD69E-2ABC-4F22-A7FF-790BDDD0A9FA}
		{2CBFA1E9-3D30-4F12-8926-BE133363E175} = {741CD69E-2ABC-4F22-A7FF-790BDDD0A9FA}
		{5404DC3F-CD2D-4A2A-BAB9-F3DA037C6AAD} = {741CD69E-2ABC-4F22-A7FF-790BDDD0A9FA}
		{E95D967B-D143-4D8C-8704-86407689060F} = {741CD69E-2ABC-4F22-A7FF-790BDDD0A9FA}
		{15EFD2C1-6E2D-4304-9C18-ADB91D5637B7} = {741CD69E-2ABC-4F22-A7FF-790BDDD0A9FA}
		{7F3CFB7A-16DE-4869-8F55-38630FB00EE1} = {741CD69E-2ABC-4F22-A7FF-790BDDD0A9FA}
		{C2B59CE5-6A74-4561-8E2E-2012BC013293} = {741CD69E-2ABC-4F22-A7FF-790BDDD0A9FA}
		{5BDAD83E-4802-42EA-9D13-2D91363D1918} = {741CD69E-2ABC-4F22-A7FF-790BDDD0A9FA}
		{6D90A353-09E1-4AB2-9329-A02139AF4B3E} = {741CD69E-2ABC-4F22-A7FF-790BDDD0A9FA}
		{93C08F80-6260-49E3-8594-38BEE33BAFAB} = {741CD69E-2ABC-4F22-A7FF-790BDDD0A9FA}
		{7ED7EE35-9796-4FC9-8AE9-59EC963326BA} = {741CD69E-2ABC-4F22-A7FF-790BDDD0A9FA}
		{F57B6510-EC8E-405C-9187-49495184124C} = {741CD69E-2ABC-4F22-A7FF-790BDDD0A9FA}
		{28396E52-D2AB-43BE-A2CD-D177FD236AFD} = {741CD69E-2ABC-4F22-A7FF-790BDDD0A9FA}
		{BC7EDABD-37FC-41AE-BA42-89CDB5E62C21} = {741CD69E-2ABC-4F22-A7FF-790BDDD0A9FA}
		{487738A9-4E22-4875-A3C5-A4C20883116B} = {741CD69E-2ABC-4F22-A7FF-790BDDD0A9FA}
		{D93B99D4-57DC-4CB5-A4FC-4B25614CDFC1} = {741CD69E-2ABC-4F22-A7FF-790BDDD0A9FA}
		{494D84FC-0D4D-401F-8420-0E82B7CF70D5} = {741CD69E-2ABC-4F22-A7FF-790BDDD0A9FA}
		{679D5AC7-1B96-4E9A-9039-061C06057EF8} = {741CD69E-2ABC-4F22-A7FF-790BDDD0A9FA}
		{AD102C11-C186-4C28-B3A1-C99265059CA0} = {B20627C8-44E3-49A3-9F68-099DD18DC7DC}
		{223AF310-F176-4A73-8117-9E2C5E84755B} = {B20627C8-44E3-49A3-9F68-099DD18DC7DC}
		{EE320430-A227-40D8-BF2B-95421FE8556A} = {B20627C8-44E3-49A3-9F68-099DD18DC7DC}
		{3386F0D0-574D-4D1F-A89C-D13BAD0AFA62} = {B20627C8-44E3-49A3-9F68-099DD18DC7DC}
		{5767AC56-787E-4F90-99B3-8DA82E51A746} = {B20627C8-44E3-49A3-9F68-099DD18DC7DC}
		{E938C17E-D019-41A7-8DC3-EE314FD335D7} = {B20627C8-44E3-49A3-9F68-099DD18DC7DC}
		{7859A3CF-FECA-4809-BF36-B92C17EA2F7A} = {B20627C8-44E3-49A3-9F68-099DD18DC7DC}
		{F10C6F7A-1CB1-4FE4-AA84-CE8B5379CA7E} = {B20627C8-44E3-49A3-9F68-099DD18DC7DC}
		{DF07F5FE-0019-490C-B529-87C7AFB6A846} = {B20627C8-44E3-49A3-9F68-099DD18DC7DC}
		{C188500D-369D-4943-A8B3-1F728EE77964} = {B20627C8-44E3-49A3-9F68-099DD18DC7DC}
		{4C483A90-08FF-432F-8EC9-65B259421A13} = {F1679FAC-4DE7-4873-A8F5-61E8A6D3CDCA}
		{392BD615-7DB1-4CF9-A2F2-CD4D76D010C7} = {F1679FAC-4DE7-4873-A8F5-61E8A6D3CDCA}
		{F7045EFC-9D83-43EF-83D5-8079ECA4DE72} = {F1679FAC-4DE7-4873-A8F5-61E8A6D3CDCA}
		{C212EC59-AD4B-481C-B65A-A44FF78C5F24} = {F1679FAC-4DE7-4873-A8F5-61E8A6D3CDCA}
	EndGlobalSection
	GlobalSection(ExtensibilityGlobals) = postSolution
		SolutionGuid = {248F8B1F-0F91-4F58-95AA-A15D7F04393E}
	EndGlobalSection
EndGlobal
