
Microsoft Visual Studio Solution File, Format Version 12.00
# Visual Studio Version 16
VisualStudioVersion = 16.0.31205.134
MinimumVisualStudioVersion = 10.0.40219.1
Project("{6EC3EE1D-3C4E-46DD-8F32-0CC8E7565705}") = "ConsoleApp25", "ConsoleApp25\ConsoleApp25.fsproj", "{27DD6424-DD81-46F6-BF62-9340B05A4743}"
EndProject
Project("{6EC3EE1D-3C4E-46DD-8F32-0CC8E7565705}") = "1.1", "1.1\1.1.fsproj", "{398E27F9-2CB8-4785-9E4E-F76B0F691CA2}"
EndProject
Project("{6EC3EE1D-3C4E-46DD-8F32-0CC8E7565705}") = "5.2", "5.2\5.2.fsproj", "{9C273700-DB29-4432-83F8-3DC60D5D8BD8}"
EndProject
Project("{6EC3EE1D-3C4E-46DD-8F32-0CC8E7565705}") = "5.4", "5.4\5.4.fsproj", "{2CBFA1E9-3D30-4F12-8926-BE133363E175}"
EndProject
Project("{6EC3EE1D-3C4E-46DD-8F32-0CC8E7565705}") = "5.5", "5.5\5.5.fsproj", "{5404DC3F-CD2D-4A2A-BAB9-F3DA037C6AAD}"
EndProject
Project("{6EC3EE1D-3C4E-46DD-8F32-0CC8E7565705}") = "5.6", "5.6\5.6.fsproj", "{E95D967B-D143-4D8C-8704-86407689060F}"
EndProject
Project("{6EC3EE1D-3C4E-46DD-8F32-0CC8E7565705}") = "5.7", "5.7\5.7.fsproj", "{15EFD2C1-6E2D-4304-9C18-ADB91D5637B7}"
EndProject
Project("{6EC3EE1D-3C4E-46DD-8F32-0CC8E7565705}") = "5.8", "5.8\5.8.fsproj", "{7F3CFB7A-16DE-4869-8F55-38630FB00EE1}"
EndProject
Project("{6EC3EE1D-3C4E-46DD-8F32-0CC8E7565705}") = "5.9", "5.9\5.9.fsproj", "{C2B59CE5-6A74-4561-8E2E-2012BC013293}"
EndProject
Project("{6EC3EE1D-3C4E-46DD-8F32-0CC8E7565705}") = "5.10", "5.10\5.10.fsproj", "{5BDAD83E-4802-42EA-9D13-2D91363D1918}"
EndProject
Project("{6EC3EE1D-3C4E-46DD-8F32-0CC8E7565705}") = "5.11", "5.11\5.11.fsproj", "{6D90A353-09E1-4AB2-9329-A02139AF4B3E}"
EndProject
Project("{6EC3EE1D-3C4E-46DD-8F32-0CC8E7565705}") = "5.12", "5.12\5.12.fsproj", "{93C08F80-6260-49E3-8594-38BEE33BAFAB}"
EndProject
Project("{6EC3EE1D-3C4E-46DD-8F32-0CC8E7565705}") = "5.13", "5.13\5.13.fsproj", "{7ED7EE35-9796-4FC9-8AE9-59EC963326BA}"
EndProject
Project("{6EC3EE1D-3C4E-46DD-8F32-0CC8E7565705}") = "5.14", "5.14\5.14.fsproj", "{F57B6510-EC8E-405C-9187-49495184124C}"
EndProject
Project("{6EC3EE1D-3C4E-46DD-8F32-0CC8E7565705}") = "5.15", "5.15\5.15.fsproj", "{28396E52-D2AB-43BE-A2CD-D177FD236AFD}"
EndProject
Project("{6EC3EE1D-3C4E-46DD-8F32-0CC8E7565705}") = "5.16", "5.16\5.16.fsproj", "{BC7EDABD-37FC-41AE-BA42-89CDB5E62C21}"
EndProject
Project("{6EC3EE1D-3C4E-46DD-8F32-0CC8E7565705}") = "5.17", "5.17\5.17.fsproj", "{487738A9-4E22-4875-A3C5-A4C20883116B}"
EndProject
Project("{6EC3EE1D-3C4E-46DD-8F32-0CC8E7565705}") = "5.18.1", "5.18.1\5.18.1.fsproj", "{D93B99D4-57DC-4CB5-A4FC-4B25614CDFC1}"
EndProject
Project("{F2A71F9B-5D33-465A-A702-920D77279786}") = "5.19", "5.19\5.19.fsproj", "{494D84FC-0D4D-401F-8420-0E82B7CF70D5}"
EndProject
Global
	GlobalSection(SolutionConfigurationPlatforms) = preSolution
		Debug|Any CPU = Debug|Any CPU
		Release|Any CPU = Release|Any CPU
	EndGlobalSection
	GlobalSection(ProjectConfigurationPlatforms) = postSolution
		{27DD6424-DD81-46F6-BF62-9340B05A4743}.Debug|Any CPU.ActiveCfg = Debug|Any CPU
		{27DD6424-DD81-46F6-BF62-9340B05A4743}.Debug|Any CPU.Build.0 = Debug|Any CPU
		{27DD6424-DD81-46F6-BF62-9340B05A4743}.Release|Any CPU.ActiveCfg = Release|Any CPU
		{27DD6424-DD81-46F6-BF62-9340B05A4743}.Release|Any CPU.Build.0 = Release|Any CPU
		{398E27F9-2CB8-4785-9E4E-F76B0F691CA2}.Debug|Any CPU.ActiveCfg = Debug|Any CPU
		{398E27F9-2CB8-4785-9E4E-F76B0F691CA2}.Debug|Any CPU.Build.0 = Debug|Any CPU
		{398E27F9-2CB8-4785-9E4E-F76B0F691CA2}.Release|Any CPU.ActiveCfg = Release|Any CPU
		{398E27F9-2CB8-4785-9E4E-F76B0F691CA2}.Release|Any CPU.Build.0 = Release|Any CPU
		{9C273700-DB29-4432-83F8-3DC60D5D8BD8}.Debug|Any CPU.ActiveCfg = Debug|Any CPU
		{9C273700-DB29-4432-83F8-3DC60D5D8BD8}.Debug|Any CPU.Build.0 = Debug|Any CPU
		{9C273700-DB29-4432-83F8-3DC60D5D8BD8}.Release|Any CPU.ActiveCfg = Release|Any CPU
		{9C273700-DB29-4432-83F8-3DC60D5D8BD8}.Release|Any CPU.Build.0 = Release|Any CPU
		{2CBFA1E9-3D30-4F12-8926-BE133363E175}.Debug|Any CPU.ActiveCfg = Debug|Any CPU
		{2CBFA1E9-3D30-4F12-8926-BE133363E175}.Debug|Any CPU.Build.0 = Debug|Any CPU
		{2CBFA1E9-3D30-4F12-8926-BE133363E175}.Release|Any CPU.ActiveCfg = Release|Any CPU
		{2CBFA1E9-3D30-4F12-8926-BE133363E175}.Release|Any CPU.Build.0 = Release|Any CPU
		{5404DC3F-CD2D-4A2A-BAB9-F3DA037C6AAD}.Debug|Any CPU.ActiveCfg = Debug|Any CPU
		{5404DC3F-CD2D-4A2A-BAB9-F3DA037C6AAD}.Debug|Any CPU.Build.0 = Debug|Any CPU
		{5404DC3F-CD2D-4A2A-BAB9-F3DA037C6AAD}.Release|Any CPU.ActiveCfg = Release|Any CPU
		{5404DC3F-CD2D-4A2A-BAB9-F3DA037C6AAD}.Release|Any CPU.Build.0 = Release|Any CPU
		{E95D967B-D143-4D8C-8704-86407689060F}.Debug|Any CPU.ActiveCfg = Debug|Any CPU
		{E95D967B-D143-4D8C-8704-86407689060F}.Debug|Any CPU.Build.0 = Debug|Any CPU
		{E95D967B-D143-4D8C-8704-86407689060F}.Release|Any CPU.ActiveCfg = Release|Any CPU
		{E95D967B-D143-4D8C-8704-86407689060F}.Release|Any CPU.Build.0 = Release|Any CPU
		{15EFD2C1-6E2D-4304-9C18-ADB91D5637B7}.Debug|Any CPU.ActiveCfg = Debug|Any CPU
		{15EFD2C1-6E2D-4304-9C18-ADB91D5637B7}.Debug|Any CPU.Build.0 = Debug|Any CPU
		{15EFD2C1-6E2D-4304-9C18-ADB91D5637B7}.Release|Any CPU.ActiveCfg = Release|Any CPU
		{15EFD2C1-6E2D-4304-9C18-ADB91D5637B7}.Release|Any CPU.Build.0 = Release|Any CPU
		{7F3CFB7A-16DE-4869-8F55-38630FB00EE1}.Debug|Any CPU.ActiveCfg = Debug|Any CPU
		{7F3CFB7A-16DE-4869-8F55-38630FB00EE1}.Debug|Any CPU.Build.0 = Debug|Any CPU
		{7F3CFB7A-16DE-4869-8F55-38630FB00EE1}.Release|Any CPU.ActiveCfg = Release|Any CPU
		{7F3CFB7A-16DE-4869-8F55-38630FB00EE1}.Release|Any CPU.Build.0 = Release|Any CPU
		{C2B59CE5-6A74-4561-8E2E-2012BC013293}.Debug|Any CPU.ActiveCfg = Debug|Any CPU
		{C2B59CE5-6A74-4561-8E2E-2012BC013293}.Debug|Any CPU.Build.0 = Debug|Any CPU
		{C2B59CE5-6A74-4561-8E2E-2012BC013293}.Release|Any CPU.ActiveCfg = Release|Any CPU
		{C2B59CE5-6A74-4561-8E2E-2012BC013293}.Release|Any CPU.Build.0 = Release|Any CPU
		{5BDAD83E-4802-42EA-9D13-2D91363D1918}.Debug|Any CPU.ActiveCfg = Debug|Any CPU
		{5BDAD83E-4802-42EA-9D13-2D91363D1918}.Debug|Any CPU.Build.0 = Debug|Any CPU
		{5BDAD83E-4802-42EA-9D13-2D91363D1918}.Release|Any CPU.ActiveCfg = Release|Any CPU
		{5BDAD83E-4802-42EA-9D13-2D91363D1918}.Release|Any CPU.Build.0 = Release|Any CPU
		{6D90A353-09E1-4AB2-9329-A02139AF4B3E}.Debug|Any CPU.ActiveCfg = Debug|Any CPU
		{6D90A353-09E1-4AB2-9329-A02139AF4B3E}.Debug|Any CPU.Build.0 = Debug|Any CPU
		{6D90A353-09E1-4AB2-9329-A02139AF4B3E}.Release|Any CPU.ActiveCfg = Release|Any CPU
		{6D90A353-09E1-4AB2-9329-A02139AF4B3E}.Release|Any CPU.Build.0 = Release|Any CPU
		{93C08F80-6260-49E3-8594-38BEE33BAFAB}.Debug|Any CPU.ActiveCfg = Debug|Any CPU
		{93C08F80-6260-49E3-8594-38BEE33BAFAB}.Debug|Any CPU.Build.0 = Debug|Any CPU
		{93C08F80-6260-49E3-8594-38BEE33BAFAB}.Release|Any CPU.ActiveCfg = Release|Any CPU
		{93C08F80-6260-49E3-8594-38BEE33BAFAB}.Release|Any CPU.Build.0 = Release|Any CPU
		{7ED7EE35-9796-4FC9-8AE9-59EC963326BA}.Debug|Any CPU.ActiveCfg = Debug|Any CPU
		{7ED7EE35-9796-4FC9-8AE9-59EC963326BA}.Debug|Any CPU.Build.0 = Debug|Any CPU
		{7ED7EE35-9796-4FC9-8AE9-59EC963326BA}.Release|Any CPU.ActiveCfg = Release|Any CPU
		{7ED7EE35-9796-4FC9-8AE9-59EC963326BA}.Release|Any CPU.Build.0 = Release|Any CPU
		{F57B6510-EC8E-405C-9187-49495184124C}.Debug|Any CPU.ActiveCfg = Debug|Any CPU
		{F57B6510-EC8E-405C-9187-49495184124C}.Debug|Any CPU.Build.0 = Debug|Any CPU
		{F57B6510-EC8E-405C-9187-49495184124C}.Release|Any CPU.ActiveCfg = Release|Any CPU
		{F57B6510-EC8E-405C-9187-49495184124C}.Release|Any CPU.Build.0 = Release|Any CPU
		{28396E52-D2AB-43BE-A2CD-D177FD236AFD}.Debug|Any CPU.ActiveCfg = Debug|Any CPU
		{28396E52-D2AB-43BE-A2CD-D177FD236AFD}.Debug|Any CPU.Build.0 = Debug|Any CPU
		{28396E52-D2AB-43BE-A2CD-D177FD236AFD}.Release|Any CPU.ActiveCfg = Release|Any CPU
		{28396E52-D2AB-43BE-A2CD-D177FD236AFD}.Release|Any CPU.Build.0 = Release|Any CPU
		{BC7EDABD-37FC-41AE-BA42-89CDB5E62C21}.Debug|Any CPU.ActiveCfg = Debug|Any CPU
		{BC7EDABD-37FC-41AE-BA42-89CDB5E62C21}.Debug|Any CPU.Build.0 = Debug|Any CPU
		{BC7EDABD-37FC-41AE-BA42-89CDB5E62C21}.Release|Any CPU.ActiveCfg = Release|Any CPU
		{BC7EDABD-37FC-41AE-BA42-89CDB5E62C21}.Release|Any CPU.Build.0 = Release|Any CPU
		{487738A9-4E22-4875-A3C5-A4C20883116B}.Debug|Any CPU.ActiveCfg = Debug|Any CPU
		{487738A9-4E22-4875-A3C5-A4C20883116B}.Debug|Any CPU.Build.0 = Debug|Any CPU
		{487738A9-4E22-4875-A3C5-A4C20883116B}.Release|Any CPU.ActiveCfg = Release|Any CPU
		{487738A9-4E22-4875-A3C5-A4C20883116B}.Release|Any CPU.Build.0 = Release|Any CPU
		{D93B99D4-57DC-4CB5-A4FC-4B25614CDFC1}.Debug|Any CPU.ActiveCfg = Debug|Any CPU
		{D93B99D4-57DC-4CB5-A4FC-4B25614CDFC1}.Debug|Any CPU.Build.0 = Debug|Any CPU
		{D93B99D4-57DC-4CB5-A4FC-4B25614CDFC1}.Release|Any CPU.ActiveCfg = Release|Any CPU
		{D93B99D4-57DC-4CB5-A4FC-4B25614CDFC1}.Release|Any CPU.Build.0 = Release|Any CPU
		{494D84FC-0D4D-401F-8420-0E82B7CF70D5}.Debug|Any CPU.ActiveCfg = Debug|Any CPU
		{494D84FC-0D4D-401F-8420-0E82B7CF70D5}.Debug|Any CPU.Build.0 = Debug|Any CPU
		{494D84FC-0D4D-401F-8420-0E82B7CF70D5}.Release|Any CPU.ActiveCfg = Release|Any CPU
		{494D84FC-0D4D-401F-8420-0E82B7CF70D5}.Release|Any CPU.Build.0 = Release|Any CPU
	EndGlobalSection
	GlobalSection(SolutionProperties) = preSolution
		HideSolutionNode = FALSE
	EndGlobalSection
	GlobalSection(ExtensibilityGlobals) = postSolution
		SolutionGuid = {248F8B1F-0F91-4F58-95AA-A15D7F04393E}
	EndGlobalSection
EndGlobal
